
Microsoft Visual Studio Solution File, Format Version 12.00
# Visual Studio Version 17
VisualStudioVersion = 17.14.36804.6 d17.14
MinimumVisualStudioVersion = 10.0.40219.1
Project("{8BC9CEB8-8B4A-11D0-8D11-00A0C91BC942}") = "Renderer5", "Renderer5.vcxproj", "{FF9CC5FA-F35E-44AA-81DF-636152454A42}"
EndProject
Global
	GlobalSection(SolutionConfigurationPlatforms) = preSolution
		Debug|x64 = Debug|x64
		Release|x64 = Release|x64
	EndGlobalSection
	GlobalSection(ProjectConfigurationPlatforms) = postSolution
		{FF9CC5FA-F35E-44AA-81DF-636152454A42}.Debug|x64.ActiveCfg = Debug|x64
		{FF9CC5FA-F35E-44AA-81DF-636152454A42}.Debug|x64.Build.0 = Debug|x64
		{FF9CC5FA-F35E-44AA-81DF-636152454A42}.Release|x64.ActiveCfg = Release|x64
		{FF9CC5FA-F35E-44AA-81DF-636152454A42}.Release|x64.Build.0 = Release|x64
	EndGlobalSection
	GlobalSection(SolutionProperties) = preSolution
		HideSolutionNode = FALSE
	EndGlobalSection
	GlobalSection(ExtensibilityGlobals) = postSolution
		SolutionGuid = {09C9BC57-0D33-49CE-9CE0-513CECDD395A}
	EndGlobalSection
EndGlobal
